
Microsoft Visual Studio Solution File, Format Version 12.00
# Visual Studio Version 16
VisualStudioVersion = 16.0.29020.237
MinimumVisualStudioVersion = 10.0.40219.1
Project("{FAE04EC0-301F-11D3-BF4B-00C04F79EFBC}") = "ShoppingListAPI", "ShoppingListAPI\ShoppingListAPI.csproj", "{01997024-D399-435E-B6AE-0590EADA88F5}"
EndProject
Project("{FAE04EC0-301F-11D3-BF4B-00C04F79EFBC}") = "ShoppingListAPI.Tests", "ShoppingListAPI.Tests\ShoppingListAPI.Tests.csproj", "{341DE95A-5799-4783-B9E5-7A42D11047E5}"
EndProject
Global
	GlobalSection(SolutionConfigurationPlatforms) = preSolution
		Debug|Any CPU = Debug|Any CPU
		Release|Any CPU = Release|Any CPU
	EndGlobalSection
	GlobalSection(ProjectConfigurationPlatforms) = postSolution
		{01997024-D399-435E-B6AE-0590EADA88F5}.Debug|Any CPU.ActiveCfg = Debug|Any CPU
		{01997024-D399-435E-B6AE-0590EADA88F5}.Debug|Any CPU.Build.0 = Debug|Any CPU
		{01997024-D399-435E-B6AE-0590EADA88F5}.Release|Any CPU.ActiveCfg = Release|Any CPU
		{01997024-D399-435E-B6AE-0590EADA88F5}.Release|Any CPU.Build.0 = Release|Any CPU
		{341DE95A-5799-4783-B9E5-7A42D11047E5}.Debug|Any CPU.ActiveCfg = Debug|Any CPU
		{341DE95A-5799-4783-B9E5-7A42D11047E5}.Debug|Any CPU.Build.0 = Debug|Any CPU
		{341DE95A-5799-4783-B9E5-7A42D11047E5}.Release|Any CPU.ActiveCfg = Release|Any CPU
		{341DE95A-5799-4783-B9E5-7A42D11047E5}.Release|Any CPU.Build.0 = Release|Any CPU
	EndGlobalSection
	GlobalSection(SolutionProperties) = preSolution
		HideSolutionNode = FALSE
	EndGlobalSection
	GlobalSection(ExtensibilityGlobals) = postSolution
		SolutionGuid = {9207AB38-57DE-4567-A517-694BF47FD27F}
	EndGlobalSection
EndGlobal
